
Microsoft Visual Studio Solution File, Format Version 12.00
# Visual Studio Version 17
VisualStudioVersion = 17.14.36408.4
MinimumVisualStudioVersion = 10.0.40219.1
Project("{FAE04EC0-301F-11D3-BF4B-00C04F79EFBC}") = "backend-lab-C23770", "backend-lab-C23770\backend-lab-C23770.csproj", "{267AC5C3-ACBD-481F-91EF-E6892BD0A342}"
EndProject
Global
	GlobalSection(SolutionConfigurationPlatforms) = preSolution
		Debug|Any CPU = Debug|Any CPU
		Release|Any CPU = Release|Any CPU
	EndGlobalSection
	GlobalSection(ProjectConfigurationPlatforms) = postSolution
		{267AC5C3-ACBD-481F-91EF-E6892BD0A342}.Debug|Any CPU.ActiveCfg = Debug|Any CPU
		{267AC5C3-ACBD-481F-91EF-E6892BD0A342}.Debug|Any CPU.Build.0 = Debug|Any CPU
		{267AC5C3-ACBD-481F-91EF-E6892BD0A342}.Release|Any CPU.ActiveCfg = Release|Any CPU
		{267AC5C3-ACBD-481F-91EF-E6892BD0A342}.Release|Any CPU.Build.0 = Release|Any CPU
	EndGlobalSection
	GlobalSection(SolutionProperties) = preSolution
		HideSolutionNode = FALSE
	EndGlobalSection
	GlobalSection(ExtensibilityGlobals) = postSolution
		SolutionGuid = {70722F7D-59DA-4E66-B609-FE9EDC05EFB5}
	EndGlobalSection
EndGlobal
